// !$*UTF8*$!
{
	archiveVersion = 1;
	classes = {
	};
	objectVersion = 46;
	objects = {

/* Begin PBXBuildFile section */
		1F77E0311B20936400C3DAD7 /* main.swift in Sources */ = {isa = PBXBuildFile; fileRef = 1F77E0301B20936400C3DAD7 /* main.swift */; };
		1F77E03C1B2094BC00C3DAD7 /* ysocket.swift in Sources */ = {isa = PBXBuildFile; fileRef = 1F77E0371B2094BC00C3DAD7 /* ysocket.swift */; };
		1F77E03D1B2094BC00C3DAD7 /* ytcpsocket.c in Sources */ = {isa = PBXBuildFile; fileRef = 1F77E0381B2094BC00C3DAD7 /* ytcpsocket.c */; };
		1F77E03E1B2094BC00C3DAD7 /* ytcpsocket.swift in Sources */ = {isa = PBXBuildFile; fileRef = 1F77E0391B2094BC00C3DAD7 /* ytcpsocket.swift */; };
		1F77E03F1B2094BC00C3DAD7 /* yudpsocket.c in Sources */ = {isa = PBXBuildFile; fileRef = 1F77E03A1B2094BC00C3DAD7 /* yudpsocket.c */; };
		1F77E0401B2094BC00C3DAD7 /* yudpsocket.swift in Sources */ = {isa = PBXBuildFile; fileRef = 1F77E03B1B2094BC00C3DAD7 /* yudpsocket.swift */; };
		1F77E0431B21146C00C3DAD7 /* mixer.swift in Sources */ = {isa = PBXBuildFile; fileRef = 1F77E0421B21146C00C3DAD7 /* mixer.swift */; };
		1F77E0451B21149100C3DAD7 /* audio.swift in Sources */ = {isa = PBXBuildFile; fileRef = 1F77E0441B21149100C3DAD7 /* audio.swift */; };
/* End PBXBuildFile section */

/* Begin PBXCopyFilesBuildPhase section */
		1F77E02B1B20936300C3DAD7 /* CopyFiles */ = {
			isa = PBXCopyFilesBuildPhase;
			buildActionMask = 2147483647;
			dstPath = /usr/share/man/man1/;
			dstSubfolderSpec = 0;
			files = (
			);
			runOnlyForDeploymentPostprocessing = 1;
		};
/* End PBXCopyFilesBuildPhase section */

/* Begin PBXFileReference section */
		1F77E02D1B20936400C3DAD7 /* croak */ = {isa = PBXFileReference; explicitFileType = "compiled.mach-o.executable"; includeInIndex = 0; path = croak; sourceTree = BUILT_PRODUCTS_DIR; };
		1F77E0301B20936400C3DAD7 /* main.swift */ = {isa = PBXFileReference; lastKnownFileType = sourcecode.swift; path = main.swift; sourceTree = "<group>"; };
		1F77E0371B2094BC00C3DAD7 /* ysocket.swift */ = {isa = PBXFileReference; fileEncoding = 4; lastKnownFileType = sourcecode.swift; path = ysocket.swift; sourceTree = SOURCE_ROOT; };
		1F77E0381B2094BC00C3DAD7 /* ytcpsocket.c */ = {isa = PBXFileReference; fileEncoding = 4; lastKnownFileType = sourcecode.c.c; path = ytcpsocket.c; sourceTree = SOURCE_ROOT; };
		1F77E0391B2094BC00C3DAD7 /* ytcpsocket.swift */ = {isa = PBXFileReference; fileEncoding = 4; lastKnownFileType = sourcecode.swift; path = ytcpsocket.swift; sourceTree = SOURCE_ROOT; };
		1F77E03A1B2094BC00C3DAD7 /* yudpsocket.c */ = {isa = PBXFileReference; fileEncoding = 4; lastKnownFileType = sourcecode.c.c; path = yudpsocket.c; sourceTree = SOURCE_ROOT; };
		1F77E03B1B2094BC00C3DAD7 /* yudpsocket.swift */ = {isa = PBXFileReference; fileEncoding = 4; lastKnownFileType = sourcecode.swift; path = yudpsocket.swift; sourceTree = SOURCE_ROOT; };
		1F77E0421B21146C00C3DAD7 /* mixer.swift */ = {isa = PBXFileReference; fileEncoding = 4; lastKnownFileType = sourcecode.swift; path = mixer.swift; sourceTree = SOURCE_ROOT; };
		1F77E0441B21149100C3DAD7 /* audio.swift */ = {isa = PBXFileReference; fileEncoding = 4; lastKnownFileType = sourcecode.swift; path = audio.swift; sourceTree = SOURCE_ROOT; };
		1F77E0461B211D0100C3DAD7 /* Rana_clamitans.mp3 */ = {isa = PBXFileReference; lastKnownFileType = audio.mp3; path = Rana_clamitans.mp3; sourceTree = SOURCE_ROOT; };
		1F77E0471B211D0B00C3DAD7 /* rana_sylvatica_chorus.aiff */ = {isa = PBXFileReference; lastKnownFileType = audio.aiff; path = rana_sylvatica_chorus.aiff; sourceTree = SOURCE_ROOT; };
/* End PBXFileReference section */

/* Begin PBXFrameworksBuildPhase section */
		1F77E02A1B20936300C3DAD7 /* Frameworks */ = {
			isa = PBXFrameworksBuildPhase;
			buildActionMask = 2147483647;
			files = (
			);
			runOnlyForDeploymentPostprocessing = 0;
		};
/* End PBXFrameworksBuildPhase section */

/* Begin PBXGroup section */
		1F77E0241B20936300C3DAD7 = {
			isa = PBXGroup;
			children = (
				1F77E02F1B20936400C3DAD7 /* croak */,
				1F77E02E1B20936400C3DAD7 /* Products */,
			);
			sourceTree = "<group>";
		};
		1F77E02E1B20936400C3DAD7 /* Products */ = {
			isa = PBXGroup;
			children = (
				1F77E02D1B20936400C3DAD7 /* croak */,
			);
			name = Products;
			sourceTree = "<group>";
		};
		1F77E02F1B20936400C3DAD7 /* croak */ = {
			isa = PBXGroup;
			children = (
				1F77E0471B211D0B00C3DAD7 /* rana_sylvatica_chorus.aiff */,
				1F77E0461B211D0100C3DAD7 /* Rana_clamitans.mp3 */,
				1F77E0441B21149100C3DAD7 /* audio.swift */,
				1F77E0421B21146C00C3DAD7 /* mixer.swift */,
				1F77E0371B2094BC00C3DAD7 /* ysocket.swift */,
				1F77E0381B2094BC00C3DAD7 /* ytcpsocket.c */,
				1F77E0391B2094BC00C3DAD7 /* ytcpsocket.swift */,
				1F77E03A1B2094BC00C3DAD7 /* yudpsocket.c */,
				1F77E03B1B2094BC00C3DAD7 /* yudpsocket.swift */,
				1F77E0301B20936400C3DAD7 /* main.swift */,
			);
			path = croak;
			sourceTree = "<group>";
		};
/* End PBXGroup section */

/* Begin PBXNativeTarget section */
		1F77E02C1B20936300C3DAD7 /* croak */ = {
			isa = PBXNativeTarget;
			buildConfigurationList = 1F77E0341B20936400C3DAD7 /* Build configuration list for PBXNativeTarget "croak" */;
			buildPhases = (
				1F77E0291B20936300C3DAD7 /* Sources */,
				1F77E02A1B20936300C3DAD7 /* Frameworks */,
				1F77E02B1B20936300C3DAD7 /* CopyFiles */,
			);
			buildRules = (
			);
			dependencies = (
			);
			name = croak;
			productName = croak;
			productReference = 1F77E02D1B20936400C3DAD7 /* croak */;
			productType = "com.apple.product-type.tool";
		};
/* End PBXNativeTarget section */

/* Begin PBXProject section */
		1F77E0251B20936300C3DAD7 /* Project object */ = {
			isa = PBXProject;
			attributes = {
				LastUpgradeCheck = 0630;
				ORGANIZATIONNAME = "Jeff Younker";
				TargetAttributes = {
					1F77E02C1B20936300C3DAD7 = {
						CreatedOnToolsVersion = 6.3.2;
					};
				};
			};
			buildConfigurationList = 1F77E0281B20936300C3DAD7 /* Build configuration list for PBXProject "croak" */;
			compatibilityVersion = "Xcode 3.2";
			developmentRegion = English;
			hasScannedForEncodings = 0;
			knownRegions = (
				en,
			);
			mainGroup = 1F77E0241B20936300C3DAD7;
			productRefGroup = 1F77E02E1B20936400C3DAD7 /* Products */;
			projectDirPath = "";
			projectRoot = "";
			targets = (
				1F77E02C1B20936300C3DAD7 /* croak */,
			);
		};
/* End PBXProject section */

/* Begin PBXSourcesBuildPhase section */
		1F77E0291B20936300C3DAD7 /* Sources */ = {
			isa = PBXSourcesBuildPhase;
			buildActionMask = 2147483647;
			files = (
				1F77E0401B2094BC00C3DAD7 /* yudpsocket.swift in Sources */,
				1F77E03E1B2094BC00C3DAD7 /* ytcpsocket.swift in Sources */,
				1F77E03F1B2094BC00C3DAD7 /* yudpsocket.c in Sources */,
				1F77E03C1B2094BC00C3DAD7 /* ysocket.swift in Sources */,
				1F77E0431B21146C00C3DAD7 /* mixer.swift in Sources */,
				1F77E0451B21149100C3DAD7 /* audio.swift in Sources */,
				1F77E03D1B2094BC00C3DAD7 /* ytcpsocket.c in Sources */,
				1F77E0311B20936400C3DAD7 /* main.swift in Sources */,
			);
			runOnlyForDeploymentPostprocessing = 0;
		};
/* End PBXSourcesBuildPhase section */

/* Begin XCBuildConfiguration section */
		1F77E0321B20936400C3DAD7 /* Debug */ = {
			isa = XCBuildConfiguration;
			buildSettings = {
				ALWAYS_SEARCH_USER_PATHS = NO;
				CLANG_CXX_LANGUAGE_STANDARD = "gnu++0x";
				CLANG_CXX_LIBRARY = "libc++";
				CLANG_ENABLE_MODULES = YES;
				CLANG_ENABLE_OBJC_ARC = YES;
				CLANG_WARN_BOOL_CONVERSION = YES;
				CLANG_WARN_CONSTANT_CONVERSION = YES;
				CLANG_WARN_DIRECT_OBJC_ISA_USAGE = YES_ERROR;
				CLANG_WARN_EMPTY_BODY = YES;
				CLANG_WARN_ENUM_CONVERSION = YES;
				CLANG_WARN_INT_CONVERSION = YES;
				CLANG_WARN_OBJC_ROOT_CLASS = YES_ERROR;
				CLANG_WARN_UNREACHABLE_CODE = YES;
				CLANG_WARN__DUPLICATE_METHOD_MATCH = YES;
				COPY_PHASE_STRIP = NO;
				DEBUG_INFORMATION_FORMAT = dwarf;
				ENABLE_STRICT_OBJC_MSGSEND = YES;
				GCC_C_LANGUAGE_STANDARD = gnu99;
				GCC_DYNAMIC_NO_PIC = NO;
				GCC_NO_COMMON_BLOCKS = YES;
				GCC_OPTIMIZATION_LEVEL = 0;
				GCC_PREPROCESSOR_DEFINITIONS = (
					"DEBUG=1",
					"$(inherited)",
				);
				GCC_SYMBOLS_PRIVATE_EXTERN = NO;
				GCC_WARN_64_TO_32_BIT_CONVERSION = YES;
				GCC_WARN_ABOUT_RETURN_TYPE = YES_ERROR;
				GCC_WARN_UNDECLARED_SELECTOR = YES;
				GCC_WARN_UNINITIALIZED_AUTOS = YES_AGGRESSIVE;
				GCC_WARN_UNUSED_FUNCTION = YES;
				GCC_WARN_UNUSED_VARIABLE = YES;
				MACOSX_DEPLOYMENT_TARGET = 10.10;
				MTL_ENABLE_DEBUG_INFO = YES;
				ONLY_ACTIVE_ARCH = YES;
				SDKROOT = macosx;
				SWIFT_OPTIMIZATION_LEVEL = "-Onone";
			};
			name = Debug;
		};
		1F77E0331B20936400C3DAD7 /* Release */ = {
			isa = XCBuildConfiguration;
			buildSettings = {
				ALWAYS_SEARCH_USER_PATHS = NO;
				CLANG_CXX_LANGUAGE_STANDARD = "gnu++0x";
				CLANG_CXX_LIBRARY = "libc++";
				CLANG_ENABLE_MODULES = YES;
				CLANG_ENABLE_OBJC_ARC = YES;
				CLANG_WARN_BOOL_CONVERSION = YES;
				CLANG_WARN_CONSTANT_CONVERSION = YES;
				CLANG_WARN_DIRECT_OBJC_ISA_USAGE = YES_ERROR;
				CLANG_WARN_EMPTY_BODY = YES;
				CLANG_WARN_ENUM_CONVERSION = YES;
				CLANG_WARN_INT_CONVERSION = YES;
				CLANG_WARN_OBJC_ROOT_CLASS = YES_ERROR;
				CLANG_WARN_UNREACHABLE_CODE = YES;
				CLANG_WARN__DUPLICATE_METHOD_MATCH = YES;
				COPY_PHASE_STRIP = NO;
				DEBUG_INFORMATION_FORMAT = "dwarf-with-dsym";
				ENABLE_NS_ASSERTIONS = NO;
				ENABLE_STRICT_OBJC_MSGSEND = YES;
				GCC_C_LANGUAGE_STANDARD = gnu99;
				GCC_NO_COMMON_BLOCKS = YES;
				GCC_WARN_64_TO_32_BIT_CONVERSION = YES;
				GCC_WARN_ABOUT_RETURN_TYPE = YES_ERROR;
				GCC_WARN_UNDECLARED_SELECTOR = YES;
				GCC_WARN_UNINITIALIZED_AUTOS = YES_AGGRESSIVE;
				GCC_WARN_UNUSED_FUNCTION = YES;
				GCC_WARN_UNUSED_VARIABLE = YES;
				MACOSX_DEPLOYMENT_TARGET = 10.10;
				MTL_ENABLE_DEBUG_INFO = NO;
				SDKROOT = macosx;
			};
			name = Release;
		};
		1F77E0351B20936400C3DAD7 /* Debug */ = {
			isa = XCBuildConfiguration;
			buildSettings = {
				PRODUCT_NAME = "$(TARGET_NAME)";
			};
			name = Debug;
		};
		1F77E0361B20936400C3DAD7 /* Release */ = {
			isa = XCBuildConfiguration;
			buildSettings = {
				PRODUCT_NAME = "$(TARGET_NAME)";
			};
			name = Release;
		};
/* End XCBuildConfiguration section */

/* Begin XCConfigurationList section */
		1F77E0281B20936300C3DAD7 /* Build configuration list for PBXProject "croak" */ = {
			isa = XCConfigurationList;
			buildConfigurations = (
				1F77E0321B20936400C3DAD7 /* Debug */,
				1F77E0331B20936400C3DAD7 /* Release */,
			);
			defaultConfigurationIsVisible = 0;
			defaultConfigurationName = Release;
		};
		1F77E0341B20936400C3DAD7 /* Build configuration list for PBXNativeTarget "croak" */ = {
			isa = XCConfigurationList;
			buildConfigurations = (
				1F77E0351B20936400C3DAD7 /* Debug */,
				1F77E0361B20936400C3DAD7 /* Release */,
			);
			defaultConfigurationIsVisible = 0;
		};
/* End XCConfigurationList section */
	};
	rootObject = 1F77E0251B20936300C3DAD7 /* Project object */;
}
