// !$*UTF8*$!
{
	archiveVersion = 1;
	classes = {
	};
	objectVersion = 46;
	objects = {

/* Begin PBXBuildFile section */
		1F3F208A1AF6F2600070302D /* AppDelegate.swift in Sources */ = {isa = PBXBuildFile; fileRef = 1F3F20891AF6F2600070302D /* AppDelegate.swift */; };
		1F3F208C1AF6F2600070302D /* ViewController.swift in Sources */ = {isa = PBXBuildFile; fileRef = 1F3F208B1AF6F2600070302D /* ViewController.swift */; };
		1F3F208E1AF6F2600070302D /* Images.xcassets in Resources */ = {isa = PBXBuildFile; fileRef = 1F3F208D1AF6F2600070302D /* Images.xcassets */; };
		1F3F20911AF6F2600070302D /* Main.storyboard in Resources */ = {isa = PBXBuildFile; fileRef = 1F3F208F1AF6F2600070302D /* Main.storyboard */; };
		1F3F209D1AF6F2600070302D /* landerTests.swift in Sources */ = {isa = PBXBuildFile; fileRef = 1F3F209C1AF6F2600070302D /* landerTests.swift */; };
		1F3F20A71AF6F2BD0070302D /* MoonViewController.swift in Sources */ = {isa = PBXBuildFile; fileRef = 1F3F20A61AF6F2BD0070302D /* MoonViewController.swift */; };
		1F3F20A91AF6F2FF0070302D /* MoonView.swift in Sources */ = {isa = PBXBuildFile; fileRef = 1F3F20A81AF6F2FF0070302D /* MoonView.swift */; };
/* End PBXBuildFile section */

/* Begin PBXContainerItemProxy section */
		1F3F20971AF6F2600070302D /* PBXContainerItemProxy */ = {
			isa = PBXContainerItemProxy;
			containerPortal = 1F3F207C1AF6F2600070302D /* Project object */;
			proxyType = 1;
			remoteGlobalIDString = 1F3F20831AF6F2600070302D;
			remoteInfo = lander;
		};
/* End PBXContainerItemProxy section */

/* Begin PBXFileReference section */
		1F3F20841AF6F2600070302D /* lander.app */ = {isa = PBXFileReference; explicitFileType = wrapper.application; includeInIndex = 0; path = lander.app; sourceTree = BUILT_PRODUCTS_DIR; };
		1F3F20881AF6F2600070302D /* Info.plist */ = {isa = PBXFileReference; lastKnownFileType = text.plist.xml; path = Info.plist; sourceTree = "<group>"; };
		1F3F20891AF6F2600070302D /* AppDelegate.swift */ = {isa = PBXFileReference; lastKnownFileType = sourcecode.swift; path = AppDelegate.swift; sourceTree = "<group>"; };
		1F3F208B1AF6F2600070302D /* ViewController.swift */ = {isa = PBXFileReference; lastKnownFileType = sourcecode.swift; path = ViewController.swift; sourceTree = "<group>"; };
		1F3F208D1AF6F2600070302D /* Images.xcassets */ = {isa = PBXFileReference; lastKnownFileType = folder.assetcatalog; path = Images.xcassets; sourceTree = "<group>"; };
		1F3F20901AF6F2600070302D /* Base */ = {isa = PBXFileReference; lastKnownFileType = file.storyboard; name = Base; path = Base.lproj/Main.storyboard; sourceTree = "<group>"; };
		1F3F20961AF6F2600070302D /* landerTests.xctest */ = {isa = PBXFileReference; explicitFileType = wrapper.cfbundle; includeInIndex = 0; path = landerTests.xctest; sourceTree = BUILT_PRODUCTS_DIR; };
		1F3F209B1AF6F2600070302D /* Info.plist */ = {isa = PBXFileReference; lastKnownFileType = text.plist.xml; path = Info.plist; sourceTree = "<group>"; };
		1F3F209C1AF6F2600070302D /* landerTests.swift */ = {isa = PBXFileReference; lastKnownFileType = sourcecode.swift; path = landerTests.swift; sourceTree = "<group>"; };
		1F3F20A61AF6F2BD0070302D /* MoonViewController.swift */ = {isa = PBXFileReference; fileEncoding = 4; lastKnownFileType = sourcecode.swift; path = MoonViewController.swift; sourceTree = "<group>"; };
		1F3F20A81AF6F2FF0070302D /* MoonView.swift */ = {isa = PBXFileReference; fileEncoding = 4; lastKnownFileType = sourcecode.swift; path = MoonView.swift; sourceTree = "<group>"; };
/* End PBXFileReference section */

/* Begin PBXFrameworksBuildPhase section */
		1F3F20811AF6F2600070302D /* Frameworks */ = {
			isa = PBXFrameworksBuildPhase;
			buildActionMask = 2147483647;
			files = (
			);
			runOnlyForDeploymentPostprocessing = 0;
		};
		1F3F20931AF6F2600070302D /* Frameworks */ = {
			isa = PBXFrameworksBuildPhase;
			buildActionMask = 2147483647;
			files = (
			);
			runOnlyForDeploymentPostprocessing = 0;
		};
/* End PBXFrameworksBuildPhase section */

/* Begin PBXGroup section */
		1F3F207B1AF6F2600070302D = {
			isa = PBXGroup;
			children = (
				1F3F20861AF6F2600070302D /* lander */,
				1F3F20991AF6F2600070302D /* landerTests */,
				1F3F20851AF6F2600070302D /* Products */,
			);
			sourceTree = "<group>";
		};
		1F3F20851AF6F2600070302D /* Products */ = {
			isa = PBXGroup;
			children = (
				1F3F20841AF6F2600070302D /* lander.app */,
				1F3F20961AF6F2600070302D /* landerTests.xctest */,
			);
			name = Products;
			sourceTree = "<group>";
		};
		1F3F20861AF6F2600070302D /* lander */ = {
			isa = PBXGroup;
			children = (
				1F3F20891AF6F2600070302D /* AppDelegate.swift */,
				1F3F208B1AF6F2600070302D /* ViewController.swift */,
				1F3F208D1AF6F2600070302D /* Images.xcassets */,
				1F3F208F1AF6F2600070302D /* Main.storyboard */,
				1F3F20871AF6F2600070302D /* Supporting Files */,
				1F3F20A61AF6F2BD0070302D /* MoonViewController.swift */,
				1F3F20A81AF6F2FF0070302D /* MoonView.swift */,
			);
			path = lander;
			sourceTree = "<group>";
		};
		1F3F20871AF6F2600070302D /* Supporting Files */ = {
			isa = PBXGroup;
			children = (
				1F3F20881AF6F2600070302D /* Info.plist */,
			);
			name = "Supporting Files";
			sourceTree = "<group>";
		};
		1F3F20991AF6F2600070302D /* landerTests */ = {
			isa = PBXGroup;
			children = (
				1F3F209C1AF6F2600070302D /* landerTests.swift */,
				1F3F209A1AF6F2600070302D /* Supporting Files */,
			);
			path = landerTests;
			sourceTree = "<group>";
		};
		1F3F209A1AF6F2600070302D /* Supporting Files */ = {
			isa = PBXGroup;
			children = (
				1F3F209B1AF6F2600070302D /* Info.plist */,
			);
			name = "Supporting Files";
			sourceTree = "<group>";
		};
/* End PBXGroup section */

/* Begin PBXNativeTarget section */
		1F3F20831AF6F2600070302D /* lander */ = {
			isa = PBXNativeTarget;
			buildConfigurationList = 1F3F20A01AF6F2600070302D /* Build configuration list for PBXNativeTarget "lander" */;
			buildPhases = (
				1F3F20801AF6F2600070302D /* Sources */,
				1F3F20811AF6F2600070302D /* Frameworks */,
				1F3F20821AF6F2600070302D /* Resources */,
			);
			buildRules = (
			);
			dependencies = (
			);
			name = lander;
			productName = lander;
			productReference = 1F3F20841AF6F2600070302D /* lander.app */;
			productType = "com.apple.product-type.application";
		};
		1F3F20951AF6F2600070302D /* landerTests */ = {
			isa = PBXNativeTarget;
			buildConfigurationList = 1F3F20A31AF6F2600070302D /* Build configuration list for PBXNativeTarget "landerTests" */;
			buildPhases = (
				1F3F20921AF6F2600070302D /* Sources */,
				1F3F20931AF6F2600070302D /* Frameworks */,
				1F3F20941AF6F2600070302D /* Resources */,
			);
			buildRules = (
			);
			dependencies = (
				1F3F20981AF6F2600070302D /* PBXTargetDependency */,
			);
			name = landerTests;
			productName = landerTests;
			productReference = 1F3F20961AF6F2600070302D /* landerTests.xctest */;
			productType = "com.apple.product-type.bundle.unit-test";
		};
/* End PBXNativeTarget section */

/* Begin PBXProject section */
		1F3F207C1AF6F2600070302D /* Project object */ = {
			isa = PBXProject;
			attributes = {
				LastUpgradeCheck = 0630;
				ORGANIZATIONNAME = "Jeff Younker";
				TargetAttributes = {
					1F3F20831AF6F2600070302D = {
						CreatedOnToolsVersion = 6.3.1;
					};
					1F3F20951AF6F2600070302D = {
						CreatedOnToolsVersion = 6.3.1;
						TestTargetID = 1F3F20831AF6F2600070302D;
					};
				};
			};
			buildConfigurationList = 1F3F207F1AF6F2600070302D /* Build configuration list for PBXProject "lander" */;
			compatibilityVersion = "Xcode 3.2";
			developmentRegion = English;
			hasScannedForEncodings = 0;
			knownRegions = (
				en,
				Base,
			);
			mainGroup = 1F3F207B1AF6F2600070302D;
			productRefGroup = 1F3F20851AF6F2600070302D /* Products */;
			projectDirPath = "";
			projectRoot = "";
			targets = (
				1F3F20831AF6F2600070302D /* lander */,
				1F3F20951AF6F2600070302D /* landerTests */,
			);
		};
/* End PBXProject section */

/* Begin PBXResourcesBuildPhase section */
		1F3F20821AF6F2600070302D /* Resources */ = {
			isa = PBXResourcesBuildPhase;
			buildActionMask = 2147483647;
			files = (
				1F3F208E1AF6F2600070302D /* Images.xcassets in Resources */,
				1F3F20911AF6F2600070302D /* Main.storyboard in Resources */,
			);
			runOnlyForDeploymentPostprocessing = 0;
		};
		1F3F20941AF6F2600070302D /* Resources */ = {
			isa = PBXResourcesBuildPhase;
			buildActionMask = 2147483647;
			files = (
			);
			runOnlyForDeploymentPostprocessing = 0;
		};
/* End PBXResourcesBuildPhase section */

/* Begin PBXSourcesBuildPhase section */
		1F3F20801AF6F2600070302D /* Sources */ = {
			isa = PBXSourcesBuildPhase;
			buildActionMask = 2147483647;
			files = (
				1F3F20A71AF6F2BD0070302D /* MoonViewController.swift in Sources */,
				1F3F20A91AF6F2FF0070302D /* MoonView.swift in Sources */,
				1F3F208C1AF6F2600070302D /* ViewController.swift in Sources */,
				1F3F208A1AF6F2600070302D /* AppDelegate.swift in Sources */,
			);
			runOnlyForDeploymentPostprocessing = 0;
		};
		1F3F20921AF6F2600070302D /* Sources */ = {
			isa = PBXSourcesBuildPhase;
			buildActionMask = 2147483647;
			files = (
				1F3F209D1AF6F2600070302D /* landerTests.swift in Sources */,
			);
			runOnlyForDeploymentPostprocessing = 0;
		};
/* End PBXSourcesBuildPhase section */

/* Begin PBXTargetDependency section */
		1F3F20981AF6F2600070302D /* PBXTargetDependency */ = {
			isa = PBXTargetDependency;
			target = 1F3F20831AF6F2600070302D /* lander */;
			targetProxy = 1F3F20971AF6F2600070302D /* PBXContainerItemProxy */;
		};
/* End PBXTargetDependency section */

/* Begin PBXVariantGroup section */
		1F3F208F1AF6F2600070302D /* Main.storyboard */ = {
			isa = PBXVariantGroup;
			children = (
				1F3F20901AF6F2600070302D /* Base */,
			);
			name = Main.storyboard;
			sourceTree = "<group>";
		};
/* End PBXVariantGroup section */

/* Begin XCBuildConfiguration section */
		1F3F209E1AF6F2600070302D /* Debug */ = {
			isa = XCBuildConfiguration;
			buildSettings = {
				ALWAYS_SEARCH_USER_PATHS = NO;
				CLANG_CXX_LANGUAGE_STANDARD = "gnu++0x";
				CLANG_CXX_LIBRARY = "libc++";
				CLANG_ENABLE_MODULES = YES;
				CLANG_ENABLE_OBJC_ARC = YES;
				CLANG_WARN_BOOL_CONVERSION = YES;
				CLANG_WARN_CONSTANT_CONVERSION = YES;
				CLANG_WARN_DIRECT_OBJC_ISA_USAGE = YES_ERROR;
				CLANG_WARN_EMPTY_BODY = YES;
				CLANG_WARN_ENUM_CONVERSION = YES;
				CLANG_WARN_INT_CONVERSION = YES;
				CLANG_WARN_OBJC_ROOT_CLASS = YES_ERROR;
				CLANG_WARN_UNREACHABLE_CODE = YES;
				CLANG_WARN__DUPLICATE_METHOD_MATCH = YES;
				CODE_SIGN_IDENTITY = "-";
				COPY_PHASE_STRIP = NO;
				DEBUG_INFORMATION_FORMAT = dwarf;
				ENABLE_STRICT_OBJC_MSGSEND = YES;
				GCC_C_LANGUAGE_STANDARD = gnu99;
				GCC_DYNAMIC_NO_PIC = NO;
				GCC_NO_COMMON_BLOCKS = YES;
				GCC_OPTIMIZATION_LEVEL = 0;
				GCC_PREPROCESSOR_DEFINITIONS = (
					"DEBUG=1",
					"$(inherited)",
				);
				GCC_SYMBOLS_PRIVATE_EXTERN = NO;
				GCC_WARN_64_TO_32_BIT_CONVERSION = YES;
				GCC_WARN_ABOUT_RETURN_TYPE = YES_ERROR;
				GCC_WARN_UNDECLARED_SELECTOR = YES;
				GCC_WARN_UNINITIALIZED_AUTOS = YES_AGGRESSIVE;
				GCC_WARN_UNUSED_FUNCTION = YES;
				GCC_WARN_UNUSED_VARIABLE = YES;
				MACOSX_DEPLOYMENT_TARGET = 10.10;
				MTL_ENABLE_DEBUG_INFO = YES;
				ONLY_ACTIVE_ARCH = YES;
				SDKROOT = macosx;
				SWIFT_OPTIMIZATION_LEVEL = "-Onone";
			};
			name = Debug;
		};
		1F3F209F1AF6F2600070302D /* Release */ = {
			isa = XCBuildConfiguration;
			buildSettings = {
				ALWAYS_SEARCH_USER_PATHS = NO;
				CLANG_CXX_LANGUAGE_STANDARD = "gnu++0x";
				CLANG_CXX_LIBRARY = "libc++";
				CLANG_ENABLE_MODULES = YES;
				CLANG_ENABLE_OBJC_ARC = YES;
				CLANG_WARN_BOOL_CONVERSION = YES;
				CLANG_WARN_CONSTANT_CONVERSION = YES;
				CLANG_WARN_DIRECT_OBJC_ISA_USAGE = YES_ERROR;
				CLANG_WARN_EMPTY_BODY = YES;
				CLANG_WARN_ENUM_CONVERSION = YES;
				CLANG_WARN_INT_CONVERSION = YES;
				CLANG_WARN_OBJC_ROOT_CLASS = YES_ERROR;
				CLANG_WARN_UNREACHABLE_CODE = YES;
				CLANG_WARN__DUPLICATE_METHOD_MATCH = YES;
				CODE_SIGN_IDENTITY = "-";
				COPY_PHASE_STRIP = NO;
				DEBUG_INFORMATION_FORMAT = "dwarf-with-dsym";
				ENABLE_NS_ASSERTIONS = NO;
				ENABLE_STRICT_OBJC_MSGSEND = YES;
				GCC_C_LANGUAGE_STANDARD = gnu99;
				GCC_NO_COMMON_BLOCKS = YES;
				GCC_WARN_64_TO_32_BIT_CONVERSION = YES;
				GCC_WARN_ABOUT_RETURN_TYPE = YES_ERROR;
				GCC_WARN_UNDECLARED_SELECTOR = YES;
				GCC_WARN_UNINITIALIZED_AUTOS = YES_AGGRESSIVE;
				GCC_WARN_UNUSED_FUNCTION = YES;
				GCC_WARN_UNUSED_VARIABLE = YES;
				MACOSX_DEPLOYMENT_TARGET = 10.10;
				MTL_ENABLE_DEBUG_INFO = NO;
				SDKROOT = macosx;
			};
			name = Release;
		};
		1F3F20A11AF6F2600070302D /* Debug */ = {
			isa = XCBuildConfiguration;
			buildSettings = {
				ASSETCATALOG_COMPILER_APPICON_NAME = AppIcon;
				COMBINE_HIDPI_IMAGES = YES;
				INFOPLIST_FILE = lander/Info.plist;
				LD_RUNPATH_SEARCH_PATHS = "$(inherited) @executable_path/../Frameworks";
				PRODUCT_NAME = "$(TARGET_NAME)";
			};
			name = Debug;
		};
		1F3F20A21AF6F2600070302D /* Release */ = {
			isa = XCBuildConfiguration;
			buildSettings = {
				ASSETCATALOG_COMPILER_APPICON_NAME = AppIcon;
				COMBINE_HIDPI_IMAGES = YES;
				INFOPLIST_FILE = lander/Info.plist;
				LD_RUNPATH_SEARCH_PATHS = "$(inherited) @executable_path/../Frameworks";
				PRODUCT_NAME = "$(TARGET_NAME)";
			};
			name = Release;
		};
		1F3F20A41AF6F2600070302D /* Debug */ = {
			isa = XCBuildConfiguration;
			buildSettings = {
				BUNDLE_LOADER = "$(TEST_HOST)";
				COMBINE_HIDPI_IMAGES = YES;
				FRAMEWORK_SEARCH_PATHS = (
					"$(DEVELOPER_FRAMEWORKS_DIR)",
					"$(inherited)",
				);
				GCC_PREPROCESSOR_DEFINITIONS = (
					"DEBUG=1",
					"$(inherited)",
				);
				INFOPLIST_FILE = landerTests/Info.plist;
				LD_RUNPATH_SEARCH_PATHS = "$(inherited) @executable_path/../Frameworks @loader_path/../Frameworks";
				PRODUCT_NAME = "$(TARGET_NAME)";
				TEST_HOST = "$(BUILT_PRODUCTS_DIR)/lander.app/Contents/MacOS/lander";
			};
			name = Debug;
		};
		1F3F20A51AF6F2600070302D /* Release */ = {
			isa = XCBuildConfiguration;
			buildSettings = {
				BUNDLE_LOADER = "$(TEST_HOST)";
				COMBINE_HIDPI_IMAGES = YES;
				FRAMEWORK_SEARCH_PATHS = (
					"$(DEVELOPER_FRAMEWORKS_DIR)",
					"$(inherited)",
				);
				INFOPLIST_FILE = landerTests/Info.plist;
				LD_RUNPATH_SEARCH_PATHS = "$(inherited) @executable_path/../Frameworks @loader_path/../Frameworks";
				PRODUCT_NAME = "$(TARGET_NAME)";
				TEST_HOST = "$(BUILT_PRODUCTS_DIR)/lander.app/Contents/MacOS/lander";
			};
			name = Release;
		};
/* End XCBuildConfiguration section */

/* Begin XCConfigurationList section */
		1F3F207F1AF6F2600070302D /* Build configuration list for PBXProject "lander" */ = {
			isa = XCConfigurationList;
			buildConfigurations = (
				1F3F209E1AF6F2600070302D /* Debug */,
				1F3F209F1AF6F2600070302D /* Release */,
			);
			defaultConfigurationIsVisible = 0;
			defaultConfigurationName = Release;
		};
		1F3F20A01AF6F2600070302D /* Build configuration list for PBXNativeTarget "lander" */ = {
			isa = XCConfigurationList;
			buildConfigurations = (
				1F3F20A11AF6F2600070302D /* Debug */,
				1F3F20A21AF6F2600070302D /* Release */,
			);
			defaultConfigurationIsVisible = 0;
		};
		1F3F20A31AF6F2600070302D /* Build configuration list for PBXNativeTarget "landerTests" */ = {
			isa = XCConfigurationList;
			buildConfigurations = (
				1F3F20A41AF6F2600070302D /* Debug */,
				1F3F20A51AF6F2600070302D /* Release */,
			);
			defaultConfigurationIsVisible = 0;
		};
/* End XCConfigurationList section */
	};
	rootObject = 1F3F207C1AF6F2600070302D /* Project object */;
}
