// !$*UTF8*$!
{
	archiveVersion = 1;
	classes = {
	};
	objectVersion = 46;
	objects = {

/* Begin PBXBuildFile section */
		1FF07D551AC4C6EF001C1079 /* main.m in Sources */ = {isa = PBXBuildFile; fileRef = 1FF07D541AC4C6EF001C1079 /* main.m */; };
		1FF07D5C1AC4CEED001C1079 /* UDPListen.m in Sources */ = {isa = PBXBuildFile; fileRef = 1FF07D5B1AC4CEED001C1079 /* UDPListen.m */; };
/* End PBXBuildFile section */

/* Begin PBXCopyFilesBuildPhase section */
		1FF07D4F1AC4C6EF001C1079 /* CopyFiles */ = {
			isa = PBXCopyFilesBuildPhase;
			buildActionMask = 2147483647;
			dstPath = /usr/share/man/man1/;
			dstSubfolderSpec = 0;
			files = (
			);
			runOnlyForDeploymentPostprocessing = 1;
		};
/* End PBXCopyFilesBuildPhase section */

/* Begin PBXFileReference section */
		1FF07D511AC4C6EF001C1079 /* udplistener */ = {isa = PBXFileReference; explicitFileType = "compiled.mach-o.executable"; includeInIndex = 0; path = udplistener; sourceTree = BUILT_PRODUCTS_DIR; };
		1FF07D541AC4C6EF001C1079 /* main.m */ = {isa = PBXFileReference; lastKnownFileType = sourcecode.c.objc; path = main.m; sourceTree = "<group>"; };
		1FF07D5B1AC4CEED001C1079 /* UDPListen.m */ = {isa = PBXFileReference; fileEncoding = 4; lastKnownFileType = sourcecode.c.objc; path = UDPListen.m; sourceTree = "<group>"; };
		1FF07D5D1AC4CF69001C1079 /* UDPListen.h */ = {isa = PBXFileReference; fileEncoding = 4; lastKnownFileType = sourcecode.c.h; path = UDPListen.h; sourceTree = "<group>"; };
/* End PBXFileReference section */

/* Begin PBXFrameworksBuildPhase section */
		1FF07D4E1AC4C6EF001C1079 /* Frameworks */ = {
			isa = PBXFrameworksBuildPhase;
			buildActionMask = 2147483647;
			files = (
			);
			runOnlyForDeploymentPostprocessing = 0;
		};
/* End PBXFrameworksBuildPhase section */

/* Begin PBXGroup section */
		1FF07D481AC4C6EF001C1079 = {
			isa = PBXGroup;
			children = (
				1FF07D531AC4C6EF001C1079 /* udplistener */,
				1FF07D521AC4C6EF001C1079 /* Products */,
			);
			sourceTree = "<group>";
		};
		1FF07D521AC4C6EF001C1079 /* Products */ = {
			isa = PBXGroup;
			children = (
				1FF07D511AC4C6EF001C1079 /* udplistener */,
			);
			name = Products;
			sourceTree = "<group>";
		};
		1FF07D531AC4C6EF001C1079 /* udplistener */ = {
			isa = PBXGroup;
			children = (
				1FF07D5B1AC4CEED001C1079 /* UDPListen.m */,
				1FF07D541AC4C6EF001C1079 /* main.m */,
				1FF07D5D1AC4CF69001C1079 /* UDPListen.h */,
			);
			path = udplistener;
			sourceTree = "<group>";
		};
/* End PBXGroup section */

/* Begin PBXNativeTarget section */
		1FF07D501AC4C6EF001C1079 /* udplistener */ = {
			isa = PBXNativeTarget;
			buildConfigurationList = 1FF07D581AC4C6EF001C1079 /* Build configuration list for PBXNativeTarget "udplistener" */;
			buildPhases = (
				1FF07D4D1AC4C6EF001C1079 /* Sources */,
				1FF07D4E1AC4C6EF001C1079 /* Frameworks */,
				1FF07D4F1AC4C6EF001C1079 /* CopyFiles */,
			);
			buildRules = (
			);
			dependencies = (
			);
			name = udplistener;
			productName = udplistener;
			productReference = 1FF07D511AC4C6EF001C1079 /* udplistener */;
			productType = "com.apple.product-type.tool";
		};
/* End PBXNativeTarget section */

/* Begin PBXProject section */
		1FF07D491AC4C6EF001C1079 /* Project object */ = {
			isa = PBXProject;
			attributes = {
				LastUpgradeCheck = 0620;
				ORGANIZATIONNAME = "Jeff Younker";
				TargetAttributes = {
					1FF07D501AC4C6EF001C1079 = {
						CreatedOnToolsVersion = 6.2;
					};
				};
			};
			buildConfigurationList = 1FF07D4C1AC4C6EF001C1079 /* Build configuration list for PBXProject "udplistener" */;
			compatibilityVersion = "Xcode 3.2";
			developmentRegion = English;
			hasScannedForEncodings = 0;
			knownRegions = (
				en,
			);
			mainGroup = 1FF07D481AC4C6EF001C1079;
			productRefGroup = 1FF07D521AC4C6EF001C1079 /* Products */;
			projectDirPath = "";
			projectRoot = "";
			targets = (
				1FF07D501AC4C6EF001C1079 /* udplistener */,
			);
		};
/* End PBXProject section */

/* Begin PBXSourcesBuildPhase section */
		1FF07D4D1AC4C6EF001C1079 /* Sources */ = {
			isa = PBXSourcesBuildPhase;
			buildActionMask = 2147483647;
			files = (
				1FF07D5C1AC4CEED001C1079 /* UDPListen.m in Sources */,
				1FF07D551AC4C6EF001C1079 /* main.m in Sources */,
			);
			runOnlyForDeploymentPostprocessing = 0;
		};
/* End PBXSourcesBuildPhase section */

/* Begin XCBuildConfiguration section */
		1FF07D561AC4C6EF001C1079 /* Debug */ = {
			isa = XCBuildConfiguration;
			buildSettings = {
				ALWAYS_SEARCH_USER_PATHS = NO;
				CLANG_CXX_LANGUAGE_STANDARD = "gnu++0x";
				CLANG_CXX_LIBRARY = "libc++";
				CLANG_ENABLE_MODULES = YES;
				CLANG_ENABLE_OBJC_ARC = YES;
				CLANG_WARN_BOOL_CONVERSION = YES;
				CLANG_WARN_CONSTANT_CONVERSION = YES;
				CLANG_WARN_DIRECT_OBJC_ISA_USAGE = YES_ERROR;
				CLANG_WARN_EMPTY_BODY = YES;
				CLANG_WARN_ENUM_CONVERSION = YES;
				CLANG_WARN_INT_CONVERSION = YES;
				CLANG_WARN_OBJC_ROOT_CLASS = YES_ERROR;
				CLANG_WARN_UNREACHABLE_CODE = YES;
				CLANG_WARN__DUPLICATE_METHOD_MATCH = YES;
				COPY_PHASE_STRIP = NO;
				ENABLE_STRICT_OBJC_MSGSEND = YES;
				GCC_C_LANGUAGE_STANDARD = gnu99;
				GCC_DYNAMIC_NO_PIC = NO;
				GCC_OPTIMIZATION_LEVEL = 0;
				GCC_PREPROCESSOR_DEFINITIONS = (
					"DEBUG=1",
					"$(inherited)",
				);
				GCC_SYMBOLS_PRIVATE_EXTERN = NO;
				GCC_WARN_64_TO_32_BIT_CONVERSION = YES;
				GCC_WARN_ABOUT_RETURN_TYPE = YES_ERROR;
				GCC_WARN_UNDECLARED_SELECTOR = YES;
				GCC_WARN_UNINITIALIZED_AUTOS = YES_AGGRESSIVE;
				GCC_WARN_UNUSED_FUNCTION = YES;
				GCC_WARN_UNUSED_VARIABLE = YES;
				MACOSX_DEPLOYMENT_TARGET = 10.9;
				MTL_ENABLE_DEBUG_INFO = YES;
				ONLY_ACTIVE_ARCH = YES;
				SDKROOT = macosx;
			};
			name = Debug;
		};
		1FF07D571AC4C6EF001C1079 /* Release */ = {
			isa = XCBuildConfiguration;
			buildSettings = {
				ALWAYS_SEARCH_USER_PATHS = NO;
				CLANG_CXX_LANGUAGE_STANDARD = "gnu++0x";
				CLANG_CXX_LIBRARY = "libc++";
				CLANG_ENABLE_MODULES = YES;
				CLANG_ENABLE_OBJC_ARC = YES;
				CLANG_WARN_BOOL_CONVERSION = YES;
				CLANG_WARN_CONSTANT_CONVERSION = YES;
				CLANG_WARN_DIRECT_OBJC_ISA_USAGE = YES_ERROR;
				CLANG_WARN_EMPTY_BODY = YES;
				CLANG_WARN_ENUM_CONVERSION = YES;
				CLANG_WARN_INT_CONVERSION = YES;
				CLANG_WARN_OBJC_ROOT_CLASS = YES_ERROR;
				CLANG_WARN_UNREACHABLE_CODE = YES;
				CLANG_WARN__DUPLICATE_METHOD_MATCH = YES;
				COPY_PHASE_STRIP = NO;
				DEBUG_INFORMATION_FORMAT = "dwarf-with-dsym";
				ENABLE_NS_ASSERTIONS = NO;
				ENABLE_STRICT_OBJC_MSGSEND = YES;
				GCC_C_LANGUAGE_STANDARD = gnu99;
				GCC_WARN_64_TO_32_BIT_CONVERSION = YES;
				GCC_WARN_ABOUT_RETURN_TYPE = YES_ERROR;
				GCC_WARN_UNDECLARED_SELECTOR = YES;
				GCC_WARN_UNINITIALIZED_AUTOS = YES_AGGRESSIVE;
				GCC_WARN_UNUSED_FUNCTION = YES;
				GCC_WARN_UNUSED_VARIABLE = YES;
				MACOSX_DEPLOYMENT_TARGET = 10.9;
				MTL_ENABLE_DEBUG_INFO = NO;
				SDKROOT = macosx;
			};
			name = Release;
		};
		1FF07D591AC4C6EF001C1079 /* Debug */ = {
			isa = XCBuildConfiguration;
			buildSettings = {
				PRODUCT_NAME = "$(TARGET_NAME)";
			};
			name = Debug;
		};
		1FF07D5A1AC4C6EF001C1079 /* Release */ = {
			isa = XCBuildConfiguration;
			buildSettings = {
				PRODUCT_NAME = "$(TARGET_NAME)";
			};
			name = Release;
		};
/* End XCBuildConfiguration section */

/* Begin XCConfigurationList section */
		1FF07D4C1AC4C6EF001C1079 /* Build configuration list for PBXProject "udplistener" */ = {
			isa = XCConfigurationList;
			buildConfigurations = (
				1FF07D561AC4C6EF001C1079 /* Debug */,
				1FF07D571AC4C6EF001C1079 /* Release */,
			);
			defaultConfigurationIsVisible = 0;
			defaultConfigurationName = Release;
		};
		1FF07D581AC4C6EF001C1079 /* Build configuration list for PBXNativeTarget "udplistener" */ = {
			isa = XCConfigurationList;
			buildConfigurations = (
				1FF07D591AC4C6EF001C1079 /* Debug */,
				1FF07D5A1AC4C6EF001C1079 /* Release */,
			);
			defaultConfigurationIsVisible = 0;
			defaultConfigurationName = Release;
		};
/* End XCConfigurationList section */
	};
	rootObject = 1FF07D491AC4C6EF001C1079 /* Project object */;
}
